
Microsoft Visual Studio Solution File, Format Version 12.00
# Visual Studio Version 17
VisualStudioVersion = 17.0.32002.185
MinimumVisualStudioVersion = 10.0.40219.1
Project("{9A19103F-16F7-4668-BE54-9A1E7A4F7556}") = "sellhandproduct", "sellhandproduct.csproj", "{2624CB75-9511-4A7E-B4E0-0E618CBEE1DE}"
EndProject
Global
	GlobalSection(SolutionConfigurationPlatforms) = preSolution
		Debug|Any CPU = Debug|Any CPU
		Release|Any CPU = Release|Any CPU
	EndGlobalSection
	GlobalSection(ProjectConfigurationPlatforms) = postSolution
		{2624CB75-9511-4A7E-B4E0-0E618CBEE1DE}.Debug|Any CPU.ActiveCfg = Debug|Any CPU
		{2624CB75-9511-4A7E-B4E0-0E618CBEE1DE}.Debug|Any CPU.Build.0 = Debug|Any CPU
		{2624CB75-9511-4A7E-B4E0-0E618CBEE1DE}.Release|Any CPU.ActiveCfg = Release|Any CPU
		{2624CB75-9511-4A7E-B4E0-0E618CBEE1DE}.Release|Any CPU.Build.0 = Release|Any CPU
	EndGlobalSection
	GlobalSection(SolutionProperties) = preSolution
		HideSolutionNode = FALSE
	EndGlobalSection
	GlobalSection(ExtensibilityGlobals) = postSolution
		SolutionGuid = {B0F497F3-EA02-4C35-A673-DC0A6033A83D}
	EndGlobalSection
EndGlobal
